
Microsoft Visual Studio Solution File, Format Version 12.00
Project("{FAE04EC0-301F-11D3-BF4B-00C04F79EFBC}") = "Twitter-Sentiment-API", "Twitter-Sentiment-API\Twitter-Sentiment-API.csproj", "{F15116CC-A939-4D2F-9DCD-AC2F4BB74428}"
EndProject
Project("{FAE04EC0-301F-11D3-BF4B-00C04F79EFBC}") = "TestProject1", "TestProject1\TestProject1.csproj", "{FD348D9A-6914-4A7A-B0A2-15633A1CBDE9}"
EndProject
Global
	GlobalSection(SolutionConfigurationPlatforms) = preSolution
		Debug|Any CPU = Debug|Any CPU
		Release|Any CPU = Release|Any CPU
	EndGlobalSection
	GlobalSection(ProjectConfigurationPlatforms) = postSolution
		{F15116CC-A939-4D2F-9DCD-AC2F4BB74428}.Debug|Any CPU.ActiveCfg = Debug|Any CPU
		{F15116CC-A939-4D2F-9DCD-AC2F4BB74428}.Debug|Any CPU.Build.0 = Debug|Any CPU
		{F15116CC-A939-4D2F-9DCD-AC2F4BB74428}.Release|Any CPU.ActiveCfg = Release|Any CPU
		{F15116CC-A939-4D2F-9DCD-AC2F4BB74428}.Release|Any CPU.Build.0 = Release|Any CPU
		{FD348D9A-6914-4A7A-B0A2-15633A1CBDE9}.Debug|Any CPU.ActiveCfg = Debug|Any CPU
		{FD348D9A-6914-4A7A-B0A2-15633A1CBDE9}.Debug|Any CPU.Build.0 = Debug|Any CPU
		{FD348D9A-6914-4A7A-B0A2-15633A1CBDE9}.Release|Any CPU.ActiveCfg = Release|Any CPU
		{FD348D9A-6914-4A7A-B0A2-15633A1CBDE9}.Release|Any CPU.Build.0 = Release|Any CPU
	EndGlobalSection
EndGlobal
